
Microsoft Visual Studio Solution File, Format Version 12.00
# Visual Studio Version 17
VisualStudioVersion = 17.14.36518.9
MinimumVisualStudioVersion = 10.0.40219.1
Project("{FAE04EC0-301F-11D3-BF4B-00C04F79EFBC}") = "Tyuiu.TomilovAD.Sprint2.Task0.V6", "Tyuiu.TomilovAD.Sprint2.Task0.V6\Tyuiu.TomilovAD.Sprint2.Task0.V6.csproj", "{8899E7C5-F2FC-4948-A1C1-97F77C4B7F1D}"
EndProject
Project("{FAE04EC0-301F-11D3-BF4B-00C04F79EFBC}") = "Tyuiu.TomilovAD.Sprint2.Task0.V6.Lib", "Tyuiu.TomilovAD.Sprint2.Task0.V6.Lib\Tyuiu.TomilovAD.Sprint2.Task0.V6.Lib.csproj", "{01738173-B135-46C0-909E-A6581B21E707}"
EndProject
Project("{FAE04EC0-301F-11D3-BF4B-00C04F79EFBC}") = "Tyuiu.TomilovAD.Sprint2.Task0.V6.Test", "Tyuiu.TomilovAD.Sprint2.Task0.V6.Test\Tyuiu.TomilovAD.Sprint2.Task0.V6.Test.csproj", "{FB73FA77-AD0F-4673-BE65-FF8CCAAF9C2D}"
EndProject
Project("{2150E333-8FDC-42A3-9474-1A3956D46DE8}") = "Task0", "Task0", "{02EA681E-C7D8-13C7-8484-4AC65E1B71E8}"
EndProject
Project("{2150E333-8FDC-42A3-9474-1A3956D46DE8}") = "Task1", "Task1", "{3DA0658B-4C5A-461F-8A69-7A7D65EE9F70}"
EndProject
Project("{2150E333-8FDC-42A3-9474-1A3956D46DE8}") = "Task2", "Task2", "{A10FD37A-BB2E-48D3-81B6-2F9D041A86AA}"
EndProject
Project("{2150E333-8FDC-42A3-9474-1A3956D46DE8}") = "Task3", "Task3", "{913BCF1B-1CC2-45BF-BC0E-0AA14DFCBB36}"
EndProject
Project("{2150E333-8FDC-42A3-9474-1A3956D46DE8}") = "Task4", "Task4", "{E4A12156-C5D0-49C4-B89F-678FA21CC787}"
EndProject
Project("{2150E333-8FDC-42A3-9474-1A3956D46DE8}") = "Task5", "Task5", "{9A7B67E3-45A7-4A11-A4FA-4CF68382EE6B}"
EndProject
Project("{2150E333-8FDC-42A3-9474-1A3956D46DE8}") = "Task6", "Task6", "{5A3F8320-99ED-411A-942C-39941FA264D4}"
EndProject
Project("{2150E333-8FDC-42A3-9474-1A3956D46DE8}") = "Task7", "Task7", "{1403551E-7D76-4FF8-9007-9D4C7C43CA37}"
EndProject
Project("{FAE04EC0-301F-11D3-BF4B-00C04F79EFBC}") = "Tyuiu.TomilovAD.Sprint2.Task1.V16", "Tyuiu.TomilovAD.Sprint2.Task1.V16\Tyuiu.TomilovAD.Sprint2.Task1.V16.csproj", "{96C6481B-41D7-43C0-95C9-DE536F7AF079}"
EndProject
Project("{FAE04EC0-301F-11D3-BF4B-00C04F79EFBC}") = "Tyuiu.TomilovAD.Sprint2.Task1.V16.Lib", "Tyuiu.TomilovAD.Sprint2.Task1.V16.Lib\Tyuiu.TomilovAD.Sprint2.Task1.V16.Lib.csproj", "{2BAA0024-35D8-4AA2-8B3C-B999C22E7CC1}"
EndProject
Project("{FAE04EC0-301F-11D3-BF4B-00C04F79EFBC}") = "Tyuiu.TomilovAD.Sprint2.Task1.V16.Test", "Tyuiu.TomilovAD.Sprint2.Task1.V16.Test\Tyuiu.TomilovAD.Sprint2.Task1.V16.Test.csproj", "{C0383AFB-1BFA-4154-83C3-925178B0F7D6}"
EndProject
Project("{FAE04EC0-301F-11D3-BF4B-00C04F79EFBC}") = "Tyuiu.TomilovAD.Sprint2.Task2.V15", "Tyuiu.TomilovAD.Sprint2.Task2.V15\Tyuiu.TomilovAD.Sprint2.Task2.V15.csproj", "{D5AEDDB8-AFBF-4973-A483-049131EE3D08}"
EndProject
Project("{FAE04EC0-301F-11D3-BF4B-00C04F79EFBC}") = "Tyuiu.TomilovAD.Sprint2.Task2.V15.Lib", "Tyuiu.TomilovAD.Sprint2.Task2.V15.Lib\Tyuiu.TomilovAD.Sprint2.Task2.V15.Lib.csproj", "{BE86F5BB-D7EA-4543-84DE-1E4F0F2D4616}"
EndProject
Project("{FAE04EC0-301F-11D3-BF4B-00C04F79EFBC}") = "Tyuiu.TomilovAD.Sprint2.Task3.V3", "Tyuiu.TomilovAD.Sprint2.Task3.V3\Tyuiu.TomilovAD.Sprint2.Task3.V3.csproj", "{EE63D1B3-83AB-47CA-A91C-9C1091E85DD1}"
EndProject
Project("{FAE04EC0-301F-11D3-BF4B-00C04F79EFBC}") = "Tyuiu.TomilovAD.Sprint2.Task3.V3.Lib", "Tyuiu.TomilovAD.Sprint2.Task3.V3.Lib\Tyuiu.TomilovAD.Sprint2.Task3.V3.Lib.csproj", "{297C94BF-A6AB-420F-8EB5-B740624F4DBA}"
EndProject
Project("{FAE04EC0-301F-11D3-BF4B-00C04F79EFBC}") = "Tyuiu.TomilovAD.Sprint2.Task3.V3.Test", "Tyuiu.TomilovAD.Sprint2.Task3.V3.Test\Tyuiu.TomilovAD.Sprint2.Task3.V3.Test.csproj", "{A59A6E34-D1BF-4A92-AF0F-FB7A4F1A8920}"
EndProject
Project("{FAE04EC0-301F-11D3-BF4B-00C04F79EFBC}") = "Tyuiu.TomilovAD.Sprint2.Task4.V5", "Tyuiu.TomilovAD.Sprint2.Task4.V5\Tyuiu.TomilovAD.Sprint2.Task4.V5.csproj", "{0DDA9154-891F-4C35-A257-25A31996C0F1}"
EndProject
Project("{FAE04EC0-301F-11D3-BF4B-00C04F79EFBC}") = "Tyuiu.TomilovAD.Sprint2.Task4.V5.Lib", "Tyuiu.TomilovAD.Sprint2.Task4.V5.Lib\Tyuiu.TomilovAD.Sprint2.Task4.V5.Lib.csproj", "{DE090A0E-CDE5-4ED2-AD3D-7B7EC37D1852}"
EndProject
Project("{FAE04EC0-301F-11D3-BF4B-00C04F79EFBC}") = "Tyuiu.TomilovAD.Sprint2.Task4.V5.Test", "Tyuiu.TomilovAD.Sprint2.Task4.V5.Test\Tyuiu.TomilovAD.Sprint2.Task4.V5.Test.csproj", "{2B9715A2-3533-4BA1-BF36-B9D473B9863F}"
EndProject
Project("{FAE04EC0-301F-11D3-BF4B-00C04F79EFBC}") = "Tyuiu.TomilovAD.Sprint2.Task5.V14", "Tyuiu.TomilovAD.Sprint2.Task5.V14\Tyuiu.TomilovAD.Sprint2.Task5.V14.csproj", "{0D54A3FC-9A4A-414F-801D-554158E354AB}"
EndProject
Project("{FAE04EC0-301F-11D3-BF4B-00C04F79EFBC}") = "Tyuiu.TomilovAD.Sprint2.Task5.V14.Lib", "Tyuiu.TomilovAD.Sprint2.Task5.V14.Lib\Tyuiu.TomilovAD.Sprint2.Task5.V14.Lib.csproj", "{A33AFF01-E29B-42B3-895C-0356E6BB1388}"
EndProject
Project("{FAE04EC0-301F-11D3-BF4B-00C04F79EFBC}") = "Tyuiu.TomilovAD.Sprint2.Task5.V14.Test", "Tyuiu.TomilovAD.Sprint2.Task5.V14.Test\Tyuiu.TomilovAD.Sprint2.Task5.V14.Test.csproj", "{82375769-F782-4C3F-BBB1-BAD377388765}"
EndProject
Project("{FAE04EC0-301F-11D3-BF4B-00C04F79EFBC}") = "Tyuiu.TomilovAD.Sprint2.Task6.V7", "Tyuiu.TomilovAD.Sprint2.Task6.V7\Tyuiu.TomilovAD.Sprint2.Task6.V7.csproj", "{2FB3496B-0971-46FD-B9AD-736B71C15A81}"
EndProject
Project("{FAE04EC0-301F-11D3-BF4B-00C04F79EFBC}") = "Tyuiu.TomilovAD.Sprint2.Task6.V7.Lib", "Tyuiu.TomilovAD.Sprint2.Task6.V7.Lib\Tyuiu.TomilovAD.Sprint2.Task6.V7.Lib.csproj", "{6FC22FA9-5B65-4B42-AF94-3071962FF53B}"
EndProject
Project("{FAE04EC0-301F-11D3-BF4B-00C04F79EFBC}") = "Tyuiu.TomilovAD.Sprint2.Task6.V7.Test", "Tyuiu.TomilovAD.Sprint2.Task6.V7.Test\Tyuiu.TomilovAD.Sprint2.Task6.V7.Test.csproj", "{520F1F51-B316-44D1-AA43-1B9A046D70A4}"
EndProject
Project("{FAE04EC0-301F-11D3-BF4B-00C04F79EFBC}") = "Tyuiu.TomilovAD.Sprint2.Task7.V4", "Tyuiu.TomilovAD.Sprint2.Task7.V4\Tyuiu.TomilovAD.Sprint2.Task7.V4.csproj", "{15EE8CC3-E2B5-476F-A5CA-B626129A797E}"
EndProject
Project("{FAE04EC0-301F-11D3-BF4B-00C04F79EFBC}") = "Tyuiu.TomilovAD.Sprint2.Task7.V4.Lib", "Tyuiu.TomilovAD.Sprint2.Task7.V4.Lib\Tyuiu.TomilovAD.Sprint2.Task7.V4.Lib.csproj", "{191BBFD5-9D82-4CE8-AC33-C0BA7F21BC2F}"
EndProject
Global
	GlobalSection(SolutionConfigurationPlatforms) = preSolution
		Debug|Any CPU = Debug|Any CPU
		Release|Any CPU = Release|Any CPU
	EndGlobalSection
	GlobalSection(ProjectConfigurationPlatforms) = postSolution
		{8899E7C5-F2FC-4948-A1C1-97F77C4B7F1D}.Debug|Any CPU.ActiveCfg = Debug|Any CPU
		{8899E7C5-F2FC-4948-A1C1-97F77C4B7F1D}.Debug|Any CPU.Build.0 = Debug|Any CPU
		{8899E7C5-F2FC-4948-A1C1-97F77C4B7F1D}.Release|Any CPU.ActiveCfg = Release|Any CPU
		{8899E7C5-F2FC-4948-A1C1-97F77C4B7F1D}.Release|Any CPU.Build.0 = Release|Any CPU
		{01738173-B135-46C0-909E-A6581B21E707}.Debug|Any CPU.ActiveCfg = Debug|Any CPU
		{01738173-B135-46C0-909E-A6581B21E707}.Debug|Any CPU.Build.0 = Debug|Any CPU
		{01738173-B135-46C0-909E-A6581B21E707}.Release|Any CPU.ActiveCfg = Release|Any CPU
		{01738173-B135-46C0-909E-A6581B21E707}.Release|Any CPU.Build.0 = Release|Any CPU
		{FB73FA77-AD0F-4673-BE65-FF8CCAAF9C2D}.Debug|Any CPU.ActiveCfg = Debug|Any CPU
		{FB73FA77-AD0F-4673-BE65-FF8CCAAF9C2D}.Debug|Any CPU.Build.0 = Debug|Any CPU
		{FB73FA77-AD0F-4673-BE65-FF8CCAAF9C2D}.Release|Any CPU.ActiveCfg = Release|Any CPU
		{FB73FA77-AD0F-4673-BE65-FF8CCAAF9C2D}.Release|Any CPU.Build.0 = Release|Any CPU
		{96C6481B-41D7-43C0-95C9-DE536F7AF079}.Debug|Any CPU.ActiveCfg = Debug|Any CPU
		{96C6481B-41D7-43C0-95C9-DE536F7AF079}.Debug|Any CPU.Build.0 = Debug|Any CPU
		{96C6481B-41D7-43C0-95C9-DE536F7AF079}.Release|Any CPU.ActiveCfg = Release|Any CPU
		{96C6481B-41D7-43C0-95C9-DE536F7AF079}.Release|Any CPU.Build.0 = Release|Any CPU
		{2BAA0024-35D8-4AA2-8B3C-B999C22E7CC1}.Debug|Any CPU.ActiveCfg = Debug|Any CPU
		{2BAA0024-35D8-4AA2-8B3C-B999C22E7CC1}.Debug|Any CPU.Build.0 = Debug|Any CPU
		{2BAA0024-35D8-4AA2-8B3C-B999C22E7CC1}.Release|Any CPU.ActiveCfg = Release|Any CPU
		{2BAA0024-35D8-4AA2-8B3C-B999C22E7CC1}.Release|Any CPU.Build.0 = Release|Any CPU
		{C0383AFB-1BFA-4154-83C3-925178B0F7D6}.Debug|Any CPU.ActiveCfg = Debug|Any CPU
		{C0383AFB-1BFA-4154-83C3-925178B0F7D6}.Debug|Any CPU.Build.0 = Debug|Any CPU
		{C0383AFB-1BFA-4154-83C3-925178B0F7D6}.Release|Any CPU.ActiveCfg = Release|Any CPU
		{C0383AFB-1BFA-4154-83C3-925178B0F7D6}.Release|Any CPU.Build.0 = Release|Any CPU
		{D5AEDDB8-AFBF-4973-A483-049131EE3D08}.Debug|Any CPU.ActiveCfg = Debug|Any CPU
		{D5AEDDB8-AFBF-4973-A483-049131EE3D08}.Debug|Any CPU.Build.0 = Debug|Any CPU
		{D5AEDDB8-AFBF-4973-A483-049131EE3D08}.Release|Any CPU.ActiveCfg = Release|Any CPU
		{D5AEDDB8-AFBF-4973-A483-049131EE3D08}.Release|Any CPU.Build.0 = Release|Any CPU
		{BE86F5BB-D7EA-4543-84DE-1E4F0F2D4616}.Debug|Any CPU.ActiveCfg = Debug|Any CPU
		{BE86F5BB-D7EA-4543-84DE-1E4F0F2D4616}.Debug|Any CPU.Build.0 = Debug|Any CPU
		{BE86F5BB-D7EA-4543-84DE-1E4F0F2D4616}.Release|Any CPU.ActiveCfg = Release|Any CPU
		{BE86F5BB-D7EA-4543-84DE-1E4F0F2D4616}.Release|Any CPU.Build.0 = Release|Any CPU
		{EE63D1B3-83AB-47CA-A91C-9C1091E85DD1}.Debug|Any CPU.ActiveCfg = Debug|Any CPU
		{EE63D1B3-83AB-47CA-A91C-9C1091E85DD1}.Debug|Any CPU.Build.0 = Debug|Any CPU
		{EE63D1B3-83AB-47CA-A91C-9C1091E85DD1}.Release|Any CPU.ActiveCfg = Release|Any CPU
		{EE63D1B3-83AB-47CA-A91C-9C1091E85DD1}.Release|Any CPU.Build.0 = Release|Any CPU
		{297C94BF-A6AB-420F-8EB5-B740624F4DBA}.Debug|Any CPU.ActiveCfg = Debug|Any CPU
		{297C94BF-A6AB-420F-8EB5-B740624F4DBA}.Debug|Any CPU.Build.0 = Debug|Any CPU
		{297C94BF-A6AB-420F-8EB5-B740624F4DBA}.Release|Any CPU.ActiveCfg = Release|Any CPU
		{297C94BF-A6AB-420F-8EB5-B740624F4DBA}.Release|Any CPU.Build.0 = Release|Any CPU
		{A59A6E34-D1BF-4A92-AF0F-FB7A4F1A8920}.Debug|Any CPU.ActiveCfg = Debug|Any CPU
		{A59A6E34-D1BF-4A92-AF0F-FB7A4F1A8920}.Debug|Any CPU.Build.0 = Debug|Any CPU
		{A59A6E34-D1BF-4A92-AF0F-FB7A4F1A8920}.Release|Any CPU.ActiveCfg = Release|Any CPU
		{A59A6E34-D1BF-4A92-AF0F-FB7A4F1A8920}.Release|Any CPU.Build.0 = Release|Any CPU
		{0DDA9154-891F-4C35-A257-25A31996C0F1}.Debug|Any CPU.ActiveCfg = Debug|Any CPU
		{0DDA9154-891F-4C35-A257-25A31996C0F1}.Debug|Any CPU.Build.0 = Debug|Any CPU
		{0DDA9154-891F-4C35-A257-25A31996C0F1}.Release|Any CPU.ActiveCfg = Release|Any CPU
		{0DDA9154-891F-4C35-A257-25A31996C0F1}.Release|Any CPU.Build.0 = Release|Any CPU
		{DE090A0E-CDE5-4ED2-AD3D-7B7EC37D1852}.Debug|Any CPU.ActiveCfg = Debug|Any CPU
		{DE090A0E-CDE5-4ED2-AD3D-7B7EC37D1852}.Debug|Any CPU.Build.0 = Debug|Any CPU
		{DE090A0E-CDE5-4ED2-AD3D-7B7EC37D1852}.Release|Any CPU.ActiveCfg = Release|Any CPU
		{DE090A0E-CDE5-4ED2-AD3D-7B7EC37D1852}.Release|Any CPU.Build.0 = Release|Any CPU
		{2B9715A2-3533-4BA1-BF36-B9D473B9863F}.Debug|Any CPU.ActiveCfg = Debug|Any CPU
		{2B9715A2-3533-4BA1-BF36-B9D473B9863F}.Debug|Any CPU.Build.0 = Debug|Any CPU
		{2B9715A2-3533-4BA1-BF36-B9D473B9863F}.Release|Any CPU.ActiveCfg = Release|Any CPU
		{2B9715A2-3533-4BA1-BF36-B9D473B9863F}.Release|Any CPU.Build.0 = Release|Any CPU
		{0D54A3FC-9A4A-414F-801D-554158E354AB}.Debug|Any CPU.ActiveCfg = Debug|Any CPU
		{0D54A3FC-9A4A-414F-801D-554158E354AB}.Debug|Any CPU.Build.0 = Debug|Any CPU
		{0D54A3FC-9A4A-414F-801D-554158E354AB}.Release|Any CPU.ActiveCfg = Release|Any CPU
		{0D54A3FC-9A4A-414F-801D-554158E354AB}.Release|Any CPU.Build.0 = Release|Any CPU
		{A33AFF01-E29B-42B3-895C-0356E6BB1388}.Debug|Any CPU.ActiveCfg = Debug|Any CPU
		{A33AFF01-E29B-42B3-895C-0356E6BB1388}.Debug|Any CPU.Build.0 = Debug|Any CPU
		{A33AFF01-E29B-42B3-895C-0356E6BB1388}.Release|Any CPU.ActiveCfg = Release|Any CPU
		{A33AFF01-E29B-42B3-895C-0356E6BB1388}.Release|Any CPU.Build.0 = Release|Any CPU
		{82375769-F782-4C3F-BBB1-BAD377388765}.Debug|Any CPU.ActiveCfg = Debug|Any CPU
		{82375769-F782-4C3F-BBB1-BAD377388765}.Debug|Any CPU.Build.0 = Debug|Any CPU
		{82375769-F782-4C3F-BBB1-BAD377388765}.Release|Any CPU.ActiveCfg = Release|Any CPU
		{82375769-F782-4C3F-BBB1-BAD377388765}.Release|Any CPU.Build.0 = Release|Any CPU
		{2FB3496B-0971-46FD-B9AD-736B71C15A81}.Debug|Any CPU.ActiveCfg = Debug|Any CPU
		{2FB3496B-0971-46FD-B9AD-736B71C15A81}.Debug|Any CPU.Build.0 = Debug|Any CPU
		{2FB3496B-0971-46FD-B9AD-736B71C15A81}.Release|Any CPU.ActiveCfg = Release|Any CPU
		{2FB3496B-0971-46FD-B9AD-736B71C15A81}.Release|Any CPU.Build.0 = Release|Any CPU
		{6FC22FA9-5B65-4B42-AF94-3071962FF53B}.Debug|Any CPU.ActiveCfg = Debug|Any CPU
		{6FC22FA9-5B65-4B42-AF94-3071962FF53B}.Debug|Any CPU.Build.0 = Debug|Any CPU
		{6FC22FA9-5B65-4B42-AF94-3071962FF53B}.Release|Any CPU.ActiveCfg = Release|Any CPU
		{6FC22FA9-5B65-4B42-AF94-3071962FF53B}.Release|Any CPU.Build.0 = Release|Any CPU
		{520F1F51-B316-44D1-AA43-1B9A046D70A4}.Debug|Any CPU.ActiveCfg = Debug|Any CPU
		{520F1F51-B316-44D1-AA43-1B9A046D70A4}.Debug|Any CPU.Build.0 = Debug|Any CPU
		{520F1F51-B316-44D1-AA43-1B9A046D70A4}.Release|Any CPU.ActiveCfg = Release|Any CPU
		{520F1F51-B316-44D1-AA43-1B9A046D70A4}.Release|Any CPU.Build.0 = Release|Any CPU
		{15EE8CC3-E2B5-476F-A5CA-B626129A797E}.Debug|Any CPU.ActiveCfg = Debug|Any CPU
		{15EE8CC3-E2B5-476F-A5CA-B626129A797E}.Debug|Any CPU.Build.0 = Debug|Any CPU
		{15EE8CC3-E2B5-476F-A5CA-B626129A797E}.Release|Any CPU.ActiveCfg = Release|Any CPU
		{15EE8CC3-E2B5-476F-A5CA-B626129A797E}.Release|Any CPU.Build.0 = Release|Any CPU
		{191BBFD5-9D82-4CE8-AC33-C0BA7F21BC2F}.Debug|Any CPU.ActiveCfg = Debug|Any CPU
		{191BBFD5-9D82-4CE8-AC33-C0BA7F21BC2F}.Debug|Any CPU.Build.0 = Debug|Any CPU
		{191BBFD5-9D82-4CE8-AC33-C0BA7F21BC2F}.Release|Any CPU.ActiveCfg = Release|Any CPU
		{191BBFD5-9D82-4CE8-AC33-C0BA7F21BC2F}.Release|Any CPU.Build.0 = Release|Any CPU
	EndGlobalSection
	GlobalSection(SolutionProperties) = preSolution
		HideSolutionNode = FALSE
	EndGlobalSection
	GlobalSection(NestedProjects) = preSolution
		{8899E7C5-F2FC-4948-A1C1-97F77C4B7F1D} = {02EA681E-C7D8-13C7-8484-4AC65E1B71E8}
		{01738173-B135-46C0-909E-A6581B21E707} = {02EA681E-C7D8-13C7-8484-4AC65E1B71E8}
		{FB73FA77-AD0F-4673-BE65-FF8CCAAF9C2D} = {02EA681E-C7D8-13C7-8484-4AC65E1B71E8}
		{96C6481B-41D7-43C0-95C9-DE536F7AF079} = {3DA0658B-4C5A-461F-8A69-7A7D65EE9F70}
		{2BAA0024-35D8-4AA2-8B3C-B999C22E7CC1} = {3DA0658B-4C5A-461F-8A69-7A7D65EE9F70}
		{C0383AFB-1BFA-4154-83C3-925178B0F7D6} = {3DA0658B-4C5A-461F-8A69-7A7D65EE9F70}
		{D5AEDDB8-AFBF-4973-A483-049131EE3D08} = {A10FD37A-BB2E-48D3-81B6-2F9D041A86AA}
		{BE86F5BB-D7EA-4543-84DE-1E4F0F2D4616} = {A10FD37A-BB2E-48D3-81B6-2F9D041A86AA}
		{EE63D1B3-83AB-47CA-A91C-9C1091E85DD1} = {913BCF1B-1CC2-45BF-BC0E-0AA14DFCBB36}
		{297C94BF-A6AB-420F-8EB5-B740624F4DBA} = {913BCF1B-1CC2-45BF-BC0E-0AA14DFCBB36}
		{A59A6E34-D1BF-4A92-AF0F-FB7A4F1A8920} = {913BCF1B-1CC2-45BF-BC0E-0AA14DFCBB36}
		{0DDA9154-891F-4C35-A257-25A31996C0F1} = {E4A12156-C5D0-49C4-B89F-678FA21CC787}
		{DE090A0E-CDE5-4ED2-AD3D-7B7EC37D1852} = {E4A12156-C5D0-49C4-B89F-678FA21CC787}
		{2B9715A2-3533-4BA1-BF36-B9D473B9863F} = {E4A12156-C5D0-49C4-B89F-678FA21CC787}
		{0D54A3FC-9A4A-414F-801D-554158E354AB} = {9A7B67E3-45A7-4A11-A4FA-4CF68382EE6B}
		{A33AFF01-E29B-42B3-895C-0356E6BB1388} = {9A7B67E3-45A7-4A11-A4FA-4CF68382EE6B}
		{82375769-F782-4C3F-BBB1-BAD377388765} = {9A7B67E3-45A7-4A11-A4FA-4CF68382EE6B}
		{2FB3496B-0971-46FD-B9AD-736B71C15A81} = {5A3F8320-99ED-411A-942C-39941FA264D4}
		{6FC22FA9-5B65-4B42-AF94-3071962FF53B} = {5A3F8320-99ED-411A-942C-39941FA264D4}
		{520F1F51-B316-44D1-AA43-1B9A046D70A4} = {5A3F8320-99ED-411A-942C-39941FA264D4}
		{15EE8CC3-E2B5-476F-A5CA-B626129A797E} = {1403551E-7D76-4FF8-9007-9D4C7C43CA37}
		{191BBFD5-9D82-4CE8-AC33-C0BA7F21BC2F} = {1403551E-7D76-4FF8-9007-9D4C7C43CA37}
	EndGlobalSection
	GlobalSection(ExtensibilityGlobals) = postSolution
		SolutionGuid = {0DC34787-9170-4017-A073-077DCDF60A2B}
	EndGlobalSection
EndGlobal
